
Microsoft Visual Studio Solution File, Format Version 12.00
# Visual Studio Version 17
VisualStudioVersion = 17.0.31903.59
MinimumVisualStudioVersion = 10.0.40219.1
Project("{F2A71F9B-5D33-465A-A702-920D77279786}") = "Protokeep", "src\Protokeep.fsproj", "{C90A6FFA-72C3-426A-8451-283AB86B99E5}"
EndProject
Project("{F2A71F9B-5D33-465A-A702-920D77279786}") = "Protokeep.Tests", "tests\Protokeep.Tests.fsproj", "{74226A74-C419-4A16-BABD-27B13DF520A3}"
EndProject
Global
	GlobalSection(SolutionConfigurationPlatforms) = preSolution
		Debug|Any CPU = Debug|Any CPU
		Release|Any CPU = Release|Any CPU
	EndGlobalSection
	GlobalSection(SolutionProperties) = preSolution
		HideSolutionNode = FALSE
	EndGlobalSection
	GlobalSection(ProjectConfigurationPlatforms) = postSolution
		{C90A6FFA-72C3-426A-8451-283AB86B99E5}.Debug|Any CPU.ActiveCfg = Debug|Any CPU
		{C90A6FFA-72C3-426A-8451-283AB86B99E5}.Debug|Any CPU.Build.0 = Debug|Any CPU
		{C90A6FFA-72C3-426A-8451-283AB86B99E5}.Release|Any CPU.ActiveCfg = Release|Any CPU
		{C90A6FFA-72C3-426A-8451-283AB86B99E5}.Release|Any CPU.Build.0 = Release|Any CPU
		{74226A74-C419-4A16-BABD-27B13DF520A3}.Debug|Any CPU.ActiveCfg = Debug|Any CPU
		{74226A74-C419-4A16-BABD-27B13DF520A3}.Debug|Any CPU.Build.0 = Debug|Any CPU
		{74226A74-C419-4A16-BABD-27B13DF520A3}.Release|Any CPU.ActiveCfg = Release|Any CPU
		{74226A74-C419-4A16-BABD-27B13DF520A3}.Release|Any CPU.Build.0 = Release|Any CPU
	EndGlobalSection
EndGlobal
