union Domain.Op
    case Val = 1
    case Sum = 2
    case Mul = 3
    case Div = 4
    case Ln = 5
    case Quantum = 6
    case Imagine = 7
    case SumAll = 8
    case Zero = 9
record Domain.Op.Val
    field p1 int = 1
record Domain.Op.Sum
    field p1 Domain.Op = 1
    field p2 Domain.Op = 2
record Domain.Op.Mul
    field p1 Domain.Op = 1
    field p2 Domain.Op = 2
record Domain.Op.Div
    field p1 Domain.Op = 1
    field p2 Domain.Op = 2
record Domain.Op.Ln
    field p1 Domain.Op = 1
record Domain.Op.Quantum
    field p1 Domain.Op = 1
    field p2 Domain.Op = 2
    field p3 string = 3
record Domain.Op.Imagine
    field p1 option<int> = 1
record Domain.Op.SumAll
    field p1 list<Domain.Op> = 1
record Domain.Op.Zero
union Domain.OpError
    case General = 1
    case DivisionByZero = 2
    case NotSupported = 3
record Domain.OpError.General
    field p1 list<string> = 1
record Domain.OpError.DivisionByZero
record Domain.OpError.NotSupported
union Domain.OpResult
    case Success = 1
    case Fail = 2
record Domain.OpResult.Success
    field p1 int = 1
record Domain.OpResult.Fail
    field p1 Domain.OpError = 1
record Domain.Request
    field Token string = 1
    field Operation Domain.Op = 2
    field Tags map<string, string> = 3
record Domain.Response
    field Token string = 1
    field Result Domain.OpResult = 2
    field ExecutionTime duration = 3
    field Extra option<string> = 4
    field Since timestamp = 5
    field Tags map<string, string> = 6
    field Status Domain.Subdomain.Status = 7
