union Betting.Football.Market
    case Winner3Way = 1
    case Handicap = 2
    case Total = 3
    case CorrectScore = 4
record Betting.Football.Market.Winner3Way
    field p1 Betting.Winner3Way = 1
record Betting.Football.Market.Handicap
    field p1 Betting.Handicap = 1
record Betting.Football.Market.Total
    field p1 Betting.Total = 1
record Betting.Football.Market.CorrectScore
    field p1 Betting.CorrectScore = 1
enum Betting.Football.Period
    value Half1 = 1
    value Half2 = 2
    value MainTime = 3
enum Betting.Football.Statistic
    value Goals = 1
    value YellowCards = 2
    value Corners = 3
enum Betting.Football.Status
    value Open = 1
    value Closed = 2
record Betting.Football.MarketItem
    field Statistic Betting.Football.Statistic = 1
    field Period Betting.Football.Period = 2
    field Market Betting.Football.Market = 3
    field Status Betting.Football.Status = 4
    field Version int = 5
